Microsoft Visual Studio Solution File, Format Version 12.00
# Visual Studio Version 17
VisualStudioVersion = 17.5.2.0
MinimumVisualStudioVersion = 10.0.40219.1
Project("{FAE04EC0-301F-11D3-BF4B-00C04F79EFBC}") = "MotoSeguraAPI", "MotoSeguraAPI.csproj", "{1255908C-93BD-D77F-999A-21F456C7EF9D}"
EndProject
Global
	GlobalSection(SolutionConfigurationPlatforms) = preSolution
		Debug|Any CPU = Debug|Any CPU
		Release|Any CPU = Release|Any CPU
	EndGlobalSection
	GlobalSection(ProjectConfigurationPlatforms) = postSolution
		{1255908C-93BD-D77F-999A-21F456C7EF9D}.Debug|Any CPU.ActiveCfg = Debug|Any CPU
		{1255908C-93BD-D77F-999A-21F456C7EF9D}.Debug|Any CPU.Build.0 = Debug|Any CPU
		{1255908C-93BD-D77F-999A-21F456C7EF9D}.Release|Any CPU.ActiveCfg = Release|Any CPU
		{1255908C-93BD-D77F-999A-21F456C7EF9D}.Release|Any CPU.Build.0 = Release|Any CPU
	EndGlobalSection
	GlobalSection(SolutionProperties) = preSolution
		HideSolutionNode = FALSE
	EndGlobalSection
	GlobalSection(ExtensibilityGlobals) = postSolution
		SolutionGuid = {157B9631-37F9-4813-A58C-E103C85D9FAB}
	EndGlobalSection
EndGlobal
